
Microsoft Visual Studio Solution File, Format Version 12.00
# Visual Studio Version 17
VisualStudioVersion = 17.10.35004.147
MinimumVisualStudioVersion = 10.0.40219.1
Project("{9A19103F-16F7-4668-BE54-9A1E7A4F7556}") = "OT.Assessment.Consumer", "src\OT.Assessment.Consumer\OT.Assessment.Consumer.csproj", "{FEB40B93-D586-4600-AAC9-DD0960D0083D}"
EndProject
Project("{9A19103F-16F7-4668-BE54-9A1E7A4F7556}") = "OT.Assessment.App", "src\OT.Assessment.App\OT.Assessment.App.csproj", "{9C47B574-9401-48DD-AB40-48F0C9BA699A}"
EndProject
Project("{9A19103F-16F7-4668-BE54-9A1E7A4F7556}") = "OT.Assessment.Tester", "test\OT.Assessment.Tester\OT.Assessment.Tester.csproj", "{BF0CDF90-B607-4710-9F26-67E23498C865}"
EndProject
Project("{2150E333-8FDC-42A3-9474-1A3956D46DE8}") = "Solution Items", "Solution Items", "{7EFE3E75-8316-420D-AFA3-ECE90ECF22BB}"
	ProjectSection(SolutionItems) = preProject
		DatabaseGenerate.sql = DatabaseGenerate.sql
		README.md = README.md
	EndProjectSection
EndProject
Project("{2150E333-8FDC-42A3-9474-1A3956D46DE8}") = "src", "src", "{6FA7DAF4-446B-4610-9EDF-6E418255B176}"
EndProject
Project("{2150E333-8FDC-42A3-9474-1A3956D46DE8}") = "tester", "tester", "{B4795B8C-CE52-404F-AA64-6D8AA8734A96}"
EndProject
Project("{FAE04EC0-301F-11D3-BF4B-00C04F79EFBC}") = "OT.Assessment.Model", "OT.Assessment.Model\OT.Assessment.Model.csproj", "{161559BD-BE9E-4082-9CD1-52A6F3B0976B}"
EndProject
Project("{FAE04EC0-301F-11D3-BF4B-00C04F79EFBC}") = "OT.Assessment.Migrations", "OT.Assessment.Migrations\OT.Assessment.Migrations.csproj", "{4B0EF814-777E-4DBB-8174-8E61C606B93E}"
EndProject
Project("{FAE04EC0-301F-11D3-BF4B-00C04F79EFBC}") = "OT.Assessment.Repository", "OT.Assessment.Repository\OT.Assessment.Repository.csproj", "{151B87F6-EE9B-4286-829D-6917BB479F11}"
EndProject
Project("{FAE04EC0-301F-11D3-BF4B-00C04F79EFBC}") = "OT.Assessment.Core", "OT.Assessment.Core\OT.Assessment.Core.csproj", "{00640D81-D430-4362-8DE6-40C1AF37D753}"
EndProject
Global
	GlobalSection(SolutionConfigurationPlatforms) = preSolution
		Debug|Any CPU = Debug|Any CPU
		Release|Any CPU = Release|Any CPU
	EndGlobalSection
	GlobalSection(ProjectConfigurationPlatforms) = postSolution
		{FEB40B93-D586-4600-AAC9-DD0960D0083D}.Debug|Any CPU.ActiveCfg = Debug|Any CPU
		{FEB40B93-D586-4600-AAC9-DD0960D0083D}.Debug|Any CPU.Build.0 = Debug|Any CPU
		{FEB40B93-D586-4600-AAC9-DD0960D0083D}.Release|Any CPU.ActiveCfg = Release|Any CPU
		{FEB40B93-D586-4600-AAC9-DD0960D0083D}.Release|Any CPU.Build.0 = Release|Any CPU
		{9C47B574-9401-48DD-AB40-48F0C9BA699A}.Debug|Any CPU.ActiveCfg = Debug|Any CPU
		{9C47B574-9401-48DD-AB40-48F0C9BA699A}.Debug|Any CPU.Build.0 = Debug|Any CPU
		{9C47B574-9401-48DD-AB40-48F0C9BA699A}.Release|Any CPU.ActiveCfg = Release|Any CPU
		{9C47B574-9401-48DD-AB40-48F0C9BA699A}.Release|Any CPU.Build.0 = Release|Any CPU
		{BF0CDF90-B607-4710-9F26-67E23498C865}.Debug|Any CPU.ActiveCfg = Debug|Any CPU
		{BF0CDF90-B607-4710-9F26-67E23498C865}.Debug|Any CPU.Build.0 = Debug|Any CPU
		{BF0CDF90-B607-4710-9F26-67E23498C865}.Release|Any CPU.ActiveCfg = Release|Any CPU
		{BF0CDF90-B607-4710-9F26-67E23498C865}.Release|Any CPU.Build.0 = Release|Any CPU
		{161559BD-BE9E-4082-9CD1-52A6F3B0976B}.Debug|Any CPU.ActiveCfg = Debug|Any CPU
		{161559BD-BE9E-4082-9CD1-52A6F3B0976B}.Debug|Any CPU.Build.0 = Debug|Any CPU
		{161559BD-BE9E-4082-9CD1-52A6F3B0976B}.Release|Any CPU.ActiveCfg = Release|Any CPU
		{161559BD-BE9E-4082-9CD1-52A6F3B0976B}.Release|Any CPU.Build.0 = Release|Any CPU
		{4B0EF814-777E-4DBB-8174-8E61C606B93E}.Debug|Any CPU.ActiveCfg = Debug|Any CPU
		{4B0EF814-777E-4DBB-8174-8E61C606B93E}.Debug|Any CPU.Build.0 = Debug|Any CPU
		{4B0EF814-777E-4DBB-8174-8E61C606B93E}.Release|Any CPU.ActiveCfg = Release|Any CPU
		{4B0EF814-777E-4DBB-8174-8E61C606B93E}.Release|Any CPU.Build.0 = Release|Any CPU
		{151B87F6-EE9B-4286-829D-6917BB479F11}.Debug|Any CPU.ActiveCfg = Debug|Any CPU
		{151B87F6-EE9B-4286-829D-6917BB479F11}.Debug|Any CPU.Build.0 = Debug|Any CPU
		{151B87F6-EE9B-4286-829D-6917BB479F11}.Release|Any CPU.ActiveCfg = Release|Any CPU
		{151B87F6-EE9B-4286-829D-6917BB479F11}.Release|Any CPU.Build.0 = Release|Any CPU
		{00640D81-D430-4362-8DE6-40C1AF37D753}.Debug|Any CPU.ActiveCfg = Debug|Any CPU
		{00640D81-D430-4362-8DE6-40C1AF37D753}.Debug|Any CPU.Build.0 = Debug|Any CPU
		{00640D81-D430-4362-8DE6-40C1AF37D753}.Release|Any CPU.ActiveCfg = Release|Any CPU
		{00640D81-D430-4362-8DE6-40C1AF37D753}.Release|Any CPU.Build.0 = Release|Any CPU
	EndGlobalSection
	GlobalSection(SolutionProperties) = preSolution
		HideSolutionNode = FALSE
	EndGlobalSection
	GlobalSection(NestedProjects) = preSolution
		{FEB40B93-D586-4600-AAC9-DD0960D0083D} = {6FA7DAF4-446B-4610-9EDF-6E418255B176}
		{9C47B574-9401-48DD-AB40-48F0C9BA699A} = {6FA7DAF4-446B-4610-9EDF-6E418255B176}
		{BF0CDF90-B607-4710-9F26-67E23498C865} = {B4795B8C-CE52-404F-AA64-6D8AA8734A96}
		{161559BD-BE9E-4082-9CD1-52A6F3B0976B} = {6FA7DAF4-446B-4610-9EDF-6E418255B176}
		{4B0EF814-777E-4DBB-8174-8E61C606B93E} = {6FA7DAF4-446B-4610-9EDF-6E418255B176}
		{151B87F6-EE9B-4286-829D-6917BB479F11} = {6FA7DAF4-446B-4610-9EDF-6E418255B176}
		{00640D81-D430-4362-8DE6-40C1AF37D753} = {6FA7DAF4-446B-4610-9EDF-6E418255B176}
	EndGlobalSection
	GlobalSection(ExtensibilityGlobals) = postSolution
		SolutionGuid = {C56C9633-4971-45FE-9CB3-E2F07E649A77}
	EndGlobalSection
EndGlobal
